schema: '2.0'
stages:
  download:
    cmd: python3 -m src.data.download_raw_dataset
    deps:
    - path: src/config.py
      hash: md5
      md5: 9bdec777b3b80b10e0edf8c8275af359
      size: 1394
    - path: src/data/download_raw_dataset.py
      hash: md5
      md5: c9ecb593bae5e1fefc511c55732673f6
      size: 709
    outs:
    - path: data/raw/imdb.parquet
      hash: md5
      md5: 9e249b92e72271b5a89ccf61e07a236c
      size: 25169108
  preprocess:
    cmd: python3 -m src.data.preprocess
    deps:
    - path: data/raw/imdb.parquet
      hash: md5
      md5: 9e249b92e72271b5a89ccf61e07a236c
      size: 25169108
    - path: src/config.py
      hash: md5
      md5: 9bdec777b3b80b10e0edf8c8275af359
      size: 1394
    - path: src/data/preprocess.py
      hash: md5
      md5: 7295deeae634a838c3cae3f47dc8f0e9
      size: 1601
    outs:
    - path: data/interim/imdb_cleaned.parquet
      hash: md5
      md5: a37c60921bcfa7c703c497580c347c77
      size: 25772227
  configure_gx:
    cmd: python3 -m src.data.gx_context_configuration
    deps:
    - path: src/data/gx_context_configuration.py
      hash: md5
      md5: 3a61ff2758fdfc14e6c6003f5162a6be
      size: 3718
  validate-data:
    cmd: python3 -m src.data.validate_data
    deps:
    - path: data/interim/imdb_cleaned.parquet
      hash: md5
      md5: a37c60921bcfa7c703c497580c347c77
      size: 25772227
    - path: src/data/gx_context_configuration.py
      hash: md5
      md5: 3a61ff2758fdfc14e6c6003f5162a6be
      size: 3718
    - path: src/data/validate_data.py
      hash: md5
      md5: f211bd7615c06e3a36d2c139f0953a69
      size: 776
  split:
    cmd: python3 -m src.data.split_data
    deps:
    - path: data/interim/imdb_cleaned.parquet
      hash: md5
      md5: a37c60921bcfa7c703c497580c347c77
      size: 25772227
    - path: src/config.py
      hash: md5
      md5: 9bdec777b3b80b10e0edf8c8275af359
      size: 1394
    - path: src/data/split_data.py
      hash: md5
      md5: 4382ad1339e71501b336b2320ded9aec
      size: 1148
    outs:
    - path: data/processed/test.parquet
      hash: md5
      md5: 9008a872638df515ccccf6d5cd0c194d
      size: 2577929
    - path: data/processed/train.parquet
      hash: md5
      md5: c654fde39f5be6d167bcb55b201526f2
      size: 18047177
    - path: data/processed/validation.parquet
      hash: md5
      md5: cd28927fa48fde7c544e03eedd50519b
      size: 5149221
  train@0:
    cmd: python3 -m src.modeling.train distilbert/distilbert-base-uncased 
      distilbert-imdb
    deps:
    - path: data/processed/train.parquet
      hash: md5
      md5: c654fde39f5be6d167bcb55b201526f2
      size: 18047177
    - path: data/processed/validation.parquet
      hash: md5
      md5: cd28927fa48fde7c544e03eedd50519b
      size: 5149221
    - path: src/config.py
      hash: md5
      md5: 9bdec777b3b80b10e0edf8c8275af359
      size: 1394
    - path: src/modeling/train.py
      hash: md5
      md5: db5606e6ae21cf4749b6813086fa960b
      size: 3538
    outs:
    - path: models/distilbert-imdb
      hash: md5
      md5: de18e7d115e3c14bfd51ef1142682b0f.dir
      size: 268783463
      nfiles: 7
    - path: models/distilbert-imdb-checkpoint
      hash: md5
      md5: 5dd6358ec0aad890abff23091790d858.dir
      size: 804528093
      nfiles: 11
  train@1:
    cmd: python3 -m src.modeling.train 
      distilbert/distilbert-base-uncased-finetuned-sst-2-english 
      distilbert-sst-imdb
    deps:
    - path: data/processed/train.parquet
      hash: md5
      md5: c654fde39f5be6d167bcb55b201526f2
      size: 18047177
    - path: data/processed/validation.parquet
      hash: md5
      md5: cd28927fa48fde7c544e03eedd50519b
      size: 5149221
    - path: src/config.py
      hash: md5
      md5: 9bdec777b3b80b10e0edf8c8275af359
      size: 1394
    - path: src/modeling/train.py
      hash: md5
      md5: db5606e6ae21cf4749b6813086fa960b
      size: 3538
    outs:
    - path: models/distilbert-sst-imdb
      hash: md5
      md5: 17e27aaf38eb92c7b90f28814218c7c0.dir
      size: 268783567
      nfiles: 7
    - path: models/distilbert-sst-imdb-checkpoint
      hash: md5
      md5: d92dac33ecd1a91963a8e92fd4f12f62.dir
      size: 804528197
      nfiles: 11
