schema: '2.0'
stages:
  download:
    cmd: python3 -m src.data.download_raw_dataset
    deps:
    - path: src/config.py
      hash: md5
      md5: 9bdec777b3b80b10e0edf8c8275af359
      size: 1394
    - path: src/data/download_raw_dataset.py
      hash: md5
      md5: 0aaf2c82748e640c1273e71f6d4d579f
      size: 687
    outs:
    - path: data/raw/imdb.parquet
      hash: md5
      md5: 9e249b92e72271b5a89ccf61e07a236c
      size: 25169108
  preprocess:
    cmd: python3 -m src.data.preprocess
    deps:
    - path: data/raw/imdb.parquet
      hash: md5
      md5: 9e249b92e72271b5a89ccf61e07a236c
      size: 25169108
    - path: src/config.py
      hash: md5
      md5: 9bdec777b3b80b10e0edf8c8275af359
      size: 1394
    - path: src/data/preprocess.py
      hash: md5
      md5: 7295deeae634a838c3cae3f47dc8f0e9
      size: 1601
    outs:
    - path: data/interim/imdb_cleaned.parquet
      hash: md5
      md5: b7830b7b17b512ccf48be60d33320eac
      size: 25762761
  configure_gx:
    cmd: python3 -m src.data.gx_context_configuration
    deps:
    - path: src/data/gx_context_configuration.py
      hash: md5
      md5: 3a61ff2758fdfc14e6c6003f5162a6be
      size: 3718
  validate-data:
    cmd: python3 -m src.data.validate_data
    deps:
    - path: data/interim/imdb_cleaned.parquet
      hash: md5
      md5: b7830b7b17b512ccf48be60d33320eac
      size: 25762761
    - path: src/data/gx_context_configuration.py
      hash: md5
      md5: 3a61ff2758fdfc14e6c6003f5162a6be
      size: 3718
    - path: src/data/validate_data.py
      hash: md5
      md5: f211bd7615c06e3a36d2c139f0953a69
      size: 776
  split:
    cmd: python3 -m src.data.split_data
    deps:
    - path: data/interim/imdb_cleaned.parquet
      hash: md5
      md5: b7830b7b17b512ccf48be60d33320eac
      size: 25762761
    - path: src/config.py
      hash: md5
      md5: 9bdec777b3b80b10e0edf8c8275af359
      size: 1394
    - path: src/data/split_data.py
      hash: md5
      md5: 4382ad1339e71501b336b2320ded9aec
      size: 1148
    outs:
    - path: data/processed/test.parquet
      hash: md5
      md5: 0f093ac645da2609bf57763cda5ac137
      size: 2572716
    - path: data/processed/train.parquet
      hash: md5
      md5: 0c6ea3f5e0b1047fef1298b47c25ed46
      size: 18036942
    - path: data/processed/validation.parquet
      hash: md5
      md5: ad13b3e0cfc49867389b782d9f78edfb
      size: 5199691
  train@0:
    cmd: python3 -m src.modeling.train distilbert/distilbert-base-uncased 
      distilbert-imdb
    deps:
    - path: data/processed/train.parquet
      hash: md5
      md5: 0c6ea3f5e0b1047fef1298b47c25ed46
      size: 18036942
    - path: data/processed/validation.parquet
      hash: md5
      md5: ad13b3e0cfc49867389b782d9f78edfb
      size: 5199691
    - path: src/config.py
      hash: md5
      md5: 9bdec777b3b80b10e0edf8c8275af359
      size: 1394
    - path: src/modeling/train.py
      hash: md5
      md5: cdcc500f21afd457f641d486f260b782
      size: 4616
    outs:
    - path: models/distilbert-imdb
      hash: md5
      md5: 3afd2c599f8cffd4c9dca81835646b7b.dir
      size: 268783521
      nfiles: 7
    - path: models/distilbert-imdb-checkpoint
      hash: md5
      md5: ab52101322c8050f6acc40005aba61cf.dir
      size: 804529621
      nfiles: 11
  train@1:
    cmd: python3 -m src.modeling.train 
      distilbert/distilbert-base-uncased-finetuned-sst-2-english 
      distilbert-sst-imdb
    deps:
    - path: data/processed/train.parquet
      hash: md5
      md5: d4ea2b4df4f68779aad9ddcbb9ef8062
      size: 9193991
    - path: data/processed/validation.parquet
      hash: md5
      md5: df0ee743f95a1ffa9a9dcc847f7be93c
      size: 2652813
    - path: src/config.py
      hash: md5
      md5: 9bdec777b3b80b10e0edf8c8275af359
      size: 1394
    - path: src/modeling/train.py
      hash: md5
      md5: 569459d69db65fb994af0ba3dc32d2d3
      size: 3737
    outs:
    - path: models/distilbert-sst-imdb
      hash: md5
      md5: 69f11fb7cf22b5d497307be6987a6019.dir
      size: 268783527
      nfiles: 7
    - path: models/distilbert-sst-imdb-checkpoint
      hash: md5
      md5: abb1d5712278146ec174b7b124ec552d.dir
      size: 804529626
      nfiles: 11
